
Microsoft Visual Studio Solution File, Format Version 12.00
# Visual Studio 14
VisualStudioVersion = 14.0.23107.0
MinimumVisualStudioVersion = 10.0.40219.1
Project("{8BC9CEB8-8B4A-11D0-8D11-00A0C91BC942}") = "hello", "hello\hello.vcxproj", "{EBDD99DC-CF54-4572-83AA-6949971D096E}"
EndProject
Project("{8BC9CEB8-8B4A-11D0-8D11-00A0C91BC942}") = "double", "double\double.vcxproj", "{D291262F-9BC6-46FB-93F4-A3BA384775F7}"
EndProject
Project("{8BC9CEB8-8B4A-11D0-8D11-00A0C91BC942}") = "Lines", "Lines\Lines.vcxproj", "{F304AAAB-8289-4F57-BDB9-714F8B28F9DD}"
EndProject
Project("{8BC9CEB8-8B4A-11D0-8D11-00A0C91BC942}") = "Polys", "Polys\Polys.vcxproj", "{4369FAF5-A3A1-4330-B7B0-3B46ACC79808}"
EndProject
Project("{8BC9CEB8-8B4A-11D0-8D11-00A0C91BC942}") = "PrimRestart", "PrimRestart\PrimRestart.vcxproj", "{493E84D0-DAE1-4CD1-BC37-6F9BFAE70249}"
EndProject
Project("{8BC9CEB8-8B4A-11D0-8D11-00A0C91BC942}") = "Vao", "Vao\Vao.vcxproj", "{6701DF75-5042-4AB5-82BC-2D36801B1739}"
EndProject
Project("{8BC9CEB8-8B4A-11D0-8D11-00A0C91BC942}") = "cube", "cube\cube.vcxproj", "{96994E56-FAEE-4682-BFA3-A32A0BFDCE7B}"
EndProject
Project("{8BC9CEB8-8B4A-11D0-8D11-00A0C91BC942}") = "Clip", "Clip\Clip.vcxproj", "{E77FBB1C-6D00-433D-861F-0823E6E998DE}"
EndProject
Project("{8BC9CEB8-8B4A-11D0-8D11-00A0C91BC942}") = "Planet", "Planet\Planet.vcxproj", "{A7C30DC3-12F8-40F3-B0D2-C11B1EAF9397}"
EndProject
Project("{8BC9CEB8-8B4A-11D0-8D11-00A0C91BC942}") = "Robot", "Robot\Robot.vcxproj", "{AD6C4B4C-E39B-4D38-8161-CD6417262C84}"
EndProject
Project("{8BC9CEB8-8B4A-11D0-8D11-00A0C91BC942}") = "Unproject", "Unproject\Unproject.vcxproj", "{F5874AB9-DF09-4DFF-A085-6FFCA5FCB59F}"
EndProject
Project("{8BC9CEB8-8B4A-11D0-8D11-00A0C91BC942}") = "Smooth", "Smooth\Smooth.vcxproj", "{1424C22E-E3C6-44DA-A9AF-51E0F1AC34A6}"
EndProject
Project("{8BC9CEB8-8B4A-11D0-8D11-00A0C91BC942}") = "Light", "Light\Light.vcxproj", "{C2C09992-2F0C-44D1-8C12-0F23D2BAADCD}"
EndProject
Project("{8BC9CEB8-8B4A-11D0-8D11-00A0C91BC942}") = "MoveLight", "MoveLight\MoveLight.vcxproj", "{149613AC-90DF-468E-A12F-84A79CE93948}"
EndProject
Project("{8BC9CEB8-8B4A-11D0-8D11-00A0C91BC942}") = "Material", "Material\Material.vcxproj", "{162898E1-503E-48FA-8C2D-29D39A85BA2F}"
EndProject
Project("{8BC9CEB8-8B4A-11D0-8D11-00A0C91BC942}") = "ColorMat", "ColorMat\ColorMat.vcxproj", "{0CFD3F13-E258-4AD9-BA76-BA59025F4E49}"
EndProject
Project("{8BC9CEB8-8B4A-11D0-8D11-00A0C91BC942}") = "BlendEqn", "BlendEqn\BlendEqn.vcxproj", "{AB1C9D69-1CB4-43FD-882C-A29C62FDF5D8}"
EndProject
Project("{8BC9CEB8-8B4A-11D0-8D11-00A0C91BC942}") = "Alpha", "Alpha\Alpha.vcxproj", "{C0D6D80F-724B-4D5F-8D51-CFD1FB8B2B40}"
EndProject
Global
	GlobalSection(SolutionConfigurationPlatforms) = preSolution
		Debug|Win32 = Debug|Win32
		Debug|x64 = Debug|x64
		Release|Win32 = Release|Win32
		Release|x64 = Release|x64
	EndGlobalSection
	GlobalSection(ProjectConfigurationPlatforms) = postSolution
		{EBDD99DC-CF54-4572-83AA-6949971D096E}.Debug|Win32.ActiveCfg = Debug|Win32
		{EBDD99DC-CF54-4572-83AA-6949971D096E}.Debug|Win32.Build.0 = Debug|Win32
		{EBDD99DC-CF54-4572-83AA-6949971D096E}.Debug|x64.ActiveCfg = Debug|Win32
		{EBDD99DC-CF54-4572-83AA-6949971D096E}.Release|Win32.ActiveCfg = Release|Win32
		{EBDD99DC-CF54-4572-83AA-6949971D096E}.Release|Win32.Build.0 = Release|Win32
		{EBDD99DC-CF54-4572-83AA-6949971D096E}.Release|x64.ActiveCfg = Release|Win32
		{D291262F-9BC6-46FB-93F4-A3BA384775F7}.Debug|Win32.ActiveCfg = Debug|Win32
		{D291262F-9BC6-46FB-93F4-A3BA384775F7}.Debug|Win32.Build.0 = Debug|Win32
		{D291262F-9BC6-46FB-93F4-A3BA384775F7}.Debug|x64.ActiveCfg = Debug|Win32
		{D291262F-9BC6-46FB-93F4-A3BA384775F7}.Release|Win32.ActiveCfg = Release|Win32
		{D291262F-9BC6-46FB-93F4-A3BA384775F7}.Release|Win32.Build.0 = Release|Win32
		{D291262F-9BC6-46FB-93F4-A3BA384775F7}.Release|x64.ActiveCfg = Release|Win32
		{F304AAAB-8289-4F57-BDB9-714F8B28F9DD}.Debug|Win32.ActiveCfg = Debug|Win32
		{F304AAAB-8289-4F57-BDB9-714F8B28F9DD}.Debug|Win32.Build.0 = Debug|Win32
		{F304AAAB-8289-4F57-BDB9-714F8B28F9DD}.Debug|x64.ActiveCfg = Debug|x64
		{F304AAAB-8289-4F57-BDB9-714F8B28F9DD}.Debug|x64.Build.0 = Debug|x64
		{F304AAAB-8289-4F57-BDB9-714F8B28F9DD}.Release|Win32.ActiveCfg = Release|Win32
		{F304AAAB-8289-4F57-BDB9-714F8B28F9DD}.Release|Win32.Build.0 = Release|Win32
		{F304AAAB-8289-4F57-BDB9-714F8B28F9DD}.Release|x64.ActiveCfg = Release|x64
		{F304AAAB-8289-4F57-BDB9-714F8B28F9DD}.Release|x64.Build.0 = Release|x64
		{4369FAF5-A3A1-4330-B7B0-3B46ACC79808}.Debug|Win32.ActiveCfg = Debug|Win32
		{4369FAF5-A3A1-4330-B7B0-3B46ACC79808}.Debug|Win32.Build.0 = Debug|Win32
		{4369FAF5-A3A1-4330-B7B0-3B46ACC79808}.Debug|x64.ActiveCfg = Debug|x64
		{4369FAF5-A3A1-4330-B7B0-3B46ACC79808}.Debug|x64.Build.0 = Debug|x64
		{4369FAF5-A3A1-4330-B7B0-3B46ACC79808}.Release|Win32.ActiveCfg = Release|Win32
		{4369FAF5-A3A1-4330-B7B0-3B46ACC79808}.Release|Win32.Build.0 = Release|Win32
		{4369FAF5-A3A1-4330-B7B0-3B46ACC79808}.Release|x64.ActiveCfg = Release|x64
		{4369FAF5-A3A1-4330-B7B0-3B46ACC79808}.Release|x64.Build.0 = Release|x64
		{493E84D0-DAE1-4CD1-BC37-6F9BFAE70249}.Debug|Win32.ActiveCfg = Debug|Win32
		{493E84D0-DAE1-4CD1-BC37-6F9BFAE70249}.Debug|Win32.Build.0 = Debug|Win32
		{493E84D0-DAE1-4CD1-BC37-6F9BFAE70249}.Debug|x64.ActiveCfg = Debug|x64
		{493E84D0-DAE1-4CD1-BC37-6F9BFAE70249}.Debug|x64.Build.0 = Debug|x64
		{493E84D0-DAE1-4CD1-BC37-6F9BFAE70249}.Release|Win32.ActiveCfg = Release|Win32
		{493E84D0-DAE1-4CD1-BC37-6F9BFAE70249}.Release|Win32.Build.0 = Release|Win32
		{493E84D0-DAE1-4CD1-BC37-6F9BFAE70249}.Release|x64.ActiveCfg = Release|x64
		{493E84D0-DAE1-4CD1-BC37-6F9BFAE70249}.Release|x64.Build.0 = Release|x64
		{6701DF75-5042-4AB5-82BC-2D36801B1739}.Debug|Win32.ActiveCfg = Debug|Win32
		{6701DF75-5042-4AB5-82BC-2D36801B1739}.Debug|Win32.Build.0 = Debug|Win32
		{6701DF75-5042-4AB5-82BC-2D36801B1739}.Debug|x64.ActiveCfg = Debug|x64
		{6701DF75-5042-4AB5-82BC-2D36801B1739}.Debug|x64.Build.0 = Debug|x64
		{6701DF75-5042-4AB5-82BC-2D36801B1739}.Release|Win32.ActiveCfg = Release|Win32
		{6701DF75-5042-4AB5-82BC-2D36801B1739}.Release|Win32.Build.0 = Release|Win32
		{6701DF75-5042-4AB5-82BC-2D36801B1739}.Release|x64.ActiveCfg = Release|x64
		{6701DF75-5042-4AB5-82BC-2D36801B1739}.Release|x64.Build.0 = Release|x64
		{96994E56-FAEE-4682-BFA3-A32A0BFDCE7B}.Debug|Win32.ActiveCfg = Debug|Win32
		{96994E56-FAEE-4682-BFA3-A32A0BFDCE7B}.Debug|Win32.Build.0 = Debug|Win32
		{96994E56-FAEE-4682-BFA3-A32A0BFDCE7B}.Debug|x64.ActiveCfg = Debug|x64
		{96994E56-FAEE-4682-BFA3-A32A0BFDCE7B}.Debug|x64.Build.0 = Debug|x64
		{96994E56-FAEE-4682-BFA3-A32A0BFDCE7B}.Release|Win32.ActiveCfg = Release|Win32
		{96994E56-FAEE-4682-BFA3-A32A0BFDCE7B}.Release|Win32.Build.0 = Release|Win32
		{96994E56-FAEE-4682-BFA3-A32A0BFDCE7B}.Release|x64.ActiveCfg = Release|x64
		{96994E56-FAEE-4682-BFA3-A32A0BFDCE7B}.Release|x64.Build.0 = Release|x64
		{E77FBB1C-6D00-433D-861F-0823E6E998DE}.Debug|Win32.ActiveCfg = Debug|Win32
		{E77FBB1C-6D00-433D-861F-0823E6E998DE}.Debug|Win32.Build.0 = Debug|Win32
		{E77FBB1C-6D00-433D-861F-0823E6E998DE}.Debug|x64.ActiveCfg = Debug|x64
		{E77FBB1C-6D00-433D-861F-0823E6E998DE}.Debug|x64.Build.0 = Debug|x64
		{E77FBB1C-6D00-433D-861F-0823E6E998DE}.Release|Win32.ActiveCfg = Release|Win32
		{E77FBB1C-6D00-433D-861F-0823E6E998DE}.Release|Win32.Build.0 = Release|Win32
		{E77FBB1C-6D00-433D-861F-0823E6E998DE}.Release|x64.ActiveCfg = Release|x64
		{E77FBB1C-6D00-433D-861F-0823E6E998DE}.Release|x64.Build.0 = Release|x64
		{A7C30DC3-12F8-40F3-B0D2-C11B1EAF9397}.Debug|Win32.ActiveCfg = Debug|Win32
		{A7C30DC3-12F8-40F3-B0D2-C11B1EAF9397}.Debug|Win32.Build.0 = Debug|Win32
		{A7C30DC3-12F8-40F3-B0D2-C11B1EAF9397}.Debug|x64.ActiveCfg = Debug|x64
		{A7C30DC3-12F8-40F3-B0D2-C11B1EAF9397}.Debug|x64.Build.0 = Debug|x64
		{A7C30DC3-12F8-40F3-B0D2-C11B1EAF9397}.Release|Win32.ActiveCfg = Release|Win32
		{A7C30DC3-12F8-40F3-B0D2-C11B1EAF9397}.Release|Win32.Build.0 = Release|Win32
		{A7C30DC3-12F8-40F3-B0D2-C11B1EAF9397}.Release|x64.ActiveCfg = Release|x64
		{A7C30DC3-12F8-40F3-B0D2-C11B1EAF9397}.Release|x64.Build.0 = Release|x64
		{AD6C4B4C-E39B-4D38-8161-CD6417262C84}.Debug|Win32.ActiveCfg = Debug|Win32
		{AD6C4B4C-E39B-4D38-8161-CD6417262C84}.Debug|Win32.Build.0 = Debug|Win32
		{AD6C4B4C-E39B-4D38-8161-CD6417262C84}.Debug|x64.ActiveCfg = Debug|x64
		{AD6C4B4C-E39B-4D38-8161-CD6417262C84}.Debug|x64.Build.0 = Debug|x64
		{AD6C4B4C-E39B-4D38-8161-CD6417262C84}.Release|Win32.ActiveCfg = Release|Win32
		{AD6C4B4C-E39B-4D38-8161-CD6417262C84}.Release|Win32.Build.0 = Release|Win32
		{AD6C4B4C-E39B-4D38-8161-CD6417262C84}.Release|x64.ActiveCfg = Release|x64
		{AD6C4B4C-E39B-4D38-8161-CD6417262C84}.Release|x64.Build.0 = Release|x64
		{F5874AB9-DF09-4DFF-A085-6FFCA5FCB59F}.Debug|Win32.ActiveCfg = Debug|Win32
		{F5874AB9-DF09-4DFF-A085-6FFCA5FCB59F}.Debug|Win32.Build.0 = Debug|Win32
		{F5874AB9-DF09-4DFF-A085-6FFCA5FCB59F}.Debug|x64.ActiveCfg = Debug|x64
		{F5874AB9-DF09-4DFF-A085-6FFCA5FCB59F}.Debug|x64.Build.0 = Debug|x64
		{F5874AB9-DF09-4DFF-A085-6FFCA5FCB59F}.Release|Win32.ActiveCfg = Release|Win32
		{F5874AB9-DF09-4DFF-A085-6FFCA5FCB59F}.Release|Win32.Build.0 = Release|Win32
		{F5874AB9-DF09-4DFF-A085-6FFCA5FCB59F}.Release|x64.ActiveCfg = Release|x64
		{F5874AB9-DF09-4DFF-A085-6FFCA5FCB59F}.Release|x64.Build.0 = Release|x64
		{1424C22E-E3C6-44DA-A9AF-51E0F1AC34A6}.Debug|Win32.ActiveCfg = Debug|Win32
		{1424C22E-E3C6-44DA-A9AF-51E0F1AC34A6}.Debug|Win32.Build.0 = Debug|Win32
		{1424C22E-E3C6-44DA-A9AF-51E0F1AC34A6}.Debug|x64.ActiveCfg = Debug|x64
		{1424C22E-E3C6-44DA-A9AF-51E0F1AC34A6}.Debug|x64.Build.0 = Debug|x64
		{1424C22E-E3C6-44DA-A9AF-51E0F1AC34A6}.Release|Win32.ActiveCfg = Release|Win32
		{1424C22E-E3C6-44DA-A9AF-51E0F1AC34A6}.Release|Win32.Build.0 = Release|Win32
		{1424C22E-E3C6-44DA-A9AF-51E0F1AC34A6}.Release|x64.ActiveCfg = Release|x64
		{1424C22E-E3C6-44DA-A9AF-51E0F1AC34A6}.Release|x64.Build.0 = Release|x64
		{C2C09992-2F0C-44D1-8C12-0F23D2BAADCD}.Debug|Win32.ActiveCfg = Debug|Win32
		{C2C09992-2F0C-44D1-8C12-0F23D2BAADCD}.Debug|Win32.Build.0 = Debug|Win32
		{C2C09992-2F0C-44D1-8C12-0F23D2BAADCD}.Debug|x64.ActiveCfg = Debug|x64
		{C2C09992-2F0C-44D1-8C12-0F23D2BAADCD}.Debug|x64.Build.0 = Debug|x64
		{C2C09992-2F0C-44D1-8C12-0F23D2BAADCD}.Release|Win32.ActiveCfg = Release|Win32
		{C2C09992-2F0C-44D1-8C12-0F23D2BAADCD}.Release|Win32.Build.0 = Release|Win32
		{C2C09992-2F0C-44D1-8C12-0F23D2BAADCD}.Release|x64.ActiveCfg = Release|x64
		{C2C09992-2F0C-44D1-8C12-0F23D2BAADCD}.Release|x64.Build.0 = Release|x64
		{149613AC-90DF-468E-A12F-84A79CE93948}.Debug|Win32.ActiveCfg = Debug|Win32
		{149613AC-90DF-468E-A12F-84A79CE93948}.Debug|Win32.Build.0 = Debug|Win32
		{149613AC-90DF-468E-A12F-84A79CE93948}.Debug|x64.ActiveCfg = Debug|x64
		{149613AC-90DF-468E-A12F-84A79CE93948}.Debug|x64.Build.0 = Debug|x64
		{149613AC-90DF-468E-A12F-84A79CE93948}.Release|Win32.ActiveCfg = Release|Win32
		{149613AC-90DF-468E-A12F-84A79CE93948}.Release|Win32.Build.0 = Release|Win32
		{149613AC-90DF-468E-A12F-84A79CE93948}.Release|x64.ActiveCfg = Release|x64
		{149613AC-90DF-468E-A12F-84A79CE93948}.Release|x64.Build.0 = Release|x64
		{162898E1-503E-48FA-8C2D-29D39A85BA2F}.Debug|Win32.ActiveCfg = Debug|Win32
		{162898E1-503E-48FA-8C2D-29D39A85BA2F}.Debug|Win32.Build.0 = Debug|Win32
		{162898E1-503E-48FA-8C2D-29D39A85BA2F}.Debug|x64.ActiveCfg = Debug|x64
		{162898E1-503E-48FA-8C2D-29D39A85BA2F}.Debug|x64.Build.0 = Debug|x64
		{162898E1-503E-48FA-8C2D-29D39A85BA2F}.Release|Win32.ActiveCfg = Release|Win32
		{162898E1-503E-48FA-8C2D-29D39A85BA2F}.Release|Win32.Build.0 = Release|Win32
		{162898E1-503E-48FA-8C2D-29D39A85BA2F}.Release|x64.ActiveCfg = Release|x64
		{162898E1-503E-48FA-8C2D-29D39A85BA2F}.Release|x64.Build.0 = Release|x64
		{0CFD3F13-E258-4AD9-BA76-BA59025F4E49}.Debug|Win32.ActiveCfg = Debug|Win32
		{0CFD3F13-E258-4AD9-BA76-BA59025F4E49}.Debug|Win32.Build.0 = Debug|Win32
		{0CFD3F13-E258-4AD9-BA76-BA59025F4E49}.Debug|x64.ActiveCfg = Debug|x64
		{0CFD3F13-E258-4AD9-BA76-BA59025F4E49}.Debug|x64.Build.0 = Debug|x64
		{0CFD3F13-E258-4AD9-BA76-BA59025F4E49}.Release|Win32.ActiveCfg = Release|Win32
		{0CFD3F13-E258-4AD9-BA76-BA59025F4E49}.Release|Win32.Build.0 = Release|Win32
		{0CFD3F13-E258-4AD9-BA76-BA59025F4E49}.Release|x64.ActiveCfg = Release|x64
		{0CFD3F13-E258-4AD9-BA76-BA59025F4E49}.Release|x64.Build.0 = Release|x64
		{AB1C9D69-1CB4-43FD-882C-A29C62FDF5D8}.Debug|Win32.ActiveCfg = Debug|Win32
		{AB1C9D69-1CB4-43FD-882C-A29C62FDF5D8}.Debug|Win32.Build.0 = Debug|Win32
		{AB1C9D69-1CB4-43FD-882C-A29C62FDF5D8}.Debug|x64.ActiveCfg = Debug|x64
		{AB1C9D69-1CB4-43FD-882C-A29C62FDF5D8}.Debug|x64.Build.0 = Debug|x64
		{AB1C9D69-1CB4-43FD-882C-A29C62FDF5D8}.Release|Win32.ActiveCfg = Release|Win32
		{AB1C9D69-1CB4-43FD-882C-A29C62FDF5D8}.Release|Win32.Build.0 = Release|Win32
		{AB1C9D69-1CB4-43FD-882C-A29C62FDF5D8}.Release|x64.ActiveCfg = Release|x64
		{AB1C9D69-1CB4-43FD-882C-A29C62FDF5D8}.Release|x64.Build.0 = Release|x64
		{C0D6D80F-724B-4D5F-8D51-CFD1FB8B2B40}.Debug|Win32.ActiveCfg = Debug|Win32
		{C0D6D80F-724B-4D5F-8D51-CFD1FB8B2B40}.Debug|Win32.Build.0 = Debug|Win32
		{C0D6D80F-724B-4D5F-8D51-CFD1FB8B2B40}.Debug|x64.ActiveCfg = Debug|x64
		{C0D6D80F-724B-4D5F-8D51-CFD1FB8B2B40}.Debug|x64.Build.0 = Debug|x64
		{C0D6D80F-724B-4D5F-8D51-CFD1FB8B2B40}.Release|Win32.ActiveCfg = Release|Win32
		{C0D6D80F-724B-4D5F-8D51-CFD1FB8B2B40}.Release|Win32.Build.0 = Release|Win32
		{C0D6D80F-724B-4D5F-8D51-CFD1FB8B2B40}.Release|x64.ActiveCfg = Release|x64
		{C0D6D80F-724B-4D5F-8D51-CFD1FB8B2B40}.Release|x64.Build.0 = Release|x64
	EndGlobalSection
	GlobalSection(SolutionProperties) = preSolution
		HideSolutionNode = FALSE
	EndGlobalSection
EndGlobal
